
Microsoft Visual Studio Solution File, Format Version 12.00
# Visual Studio Version 17
VisualStudioVersion = 17.7.34031.279
MinimumVisualStudioVersion = 10.0.40219.1
Project("{FAE04EC0-301F-11D3-BF4B-00C04F79EFBC}") = "TransportTask", "TransportTask\TransportTask.csproj", "{80A5C85C-0E87-43EF-8366-9C70F77D2A33}"
EndProject
Global
	GlobalSection(SolutionConfigurationPlatforms) = preSolution
		Debug|Any CPU = Debug|Any CPU
		Release|Any CPU = Release|Any CPU
	EndGlobalSection
	GlobalSection(ProjectConfigurationPlatforms) = postSolution
		{80A5C85C-0E87-43EF-8366-9C70F77D2A33}.Debug|Any CPU.ActiveCfg = Debug|Any CPU
		{80A5C85C-0E87-43EF-8366-9C70F77D2A33}.Debug|Any CPU.Build.0 = Debug|Any CPU
		{80A5C85C-0E87-43EF-8366-9C70F77D2A33}.Release|Any CPU.ActiveCfg = Release|Any CPU
		{80A5C85C-0E87-43EF-8366-9C70F77D2A33}.Release|Any CPU.Build.0 = Release|Any CPU
	EndGlobalSection
	GlobalSection(SolutionProperties) = preSolution
		HideSolutionNode = FALSE
	EndGlobalSection
	GlobalSection(ExtensibilityGlobals) = postSolution
		SolutionGuid = {BF13733E-72FC-4645-98D0-1B82BE9DF7B2}
	EndGlobalSection
EndGlobal
